
Microsoft Visual Studio Solution File, Format Version 11.00
# Visual Studio 2010
Project("{FAE04EC0-301F-11D3-BF4B-00C04F79EFBC}") = "The Project That Makes Money", "Assembly-CSharp.csproj", "{ED46FD5A-2674-4EF4-9821-DF6285BAF9DA}"
EndProject
Global
	GlobalSection(SolutionConfigurationPlatforms) = preSolution
		Debug|Any CPU = Debug|Any CPU
		Release|Any CPU = Release|Any CPU
	EndGlobalSection
	GlobalSection(ProjectConfigurationPlatforms) = postSolution
		{ED46FD5A-2674-4EF4-9821-DF6285BAF9DA}.Debug|Any CPU.ActiveCfg = Debug|Any CPU
		{ED46FD5A-2674-4EF4-9821-DF6285BAF9DA}.Debug|Any CPU.Build.0 = Debug|Any CPU
		{ED46FD5A-2674-4EF4-9821-DF6285BAF9DA}.Release|Any CPU.ActiveCfg = Release|Any CPU
		{ED46FD5A-2674-4EF4-9821-DF6285BAF9DA}.Release|Any CPU.Build.0 = Release|Any CPU
	EndGlobalSection
	GlobalSection(SolutionProperties) = preSolution
		HideSolutionNode = FALSE
	EndGlobalSection
	GlobalSection(MonoDevelopProperties) = preSolution
		StartupItem = Assembly-CSharp.csproj
	EndGlobalSection
EndGlobal
